
Microsoft Visual Studio Solution File, Format Version 12.00
# Visual Studio 15
VisualStudioVersion = 15.0.28010.2048
MinimumVisualStudioVersion = 10.0.40219.1
Project("{FAE04EC0-301F-11D3-BF4B-00C04F79EFBC}") = "Udp Server", "Udp Server\Udp Server.csproj", "{354770B9-FFF1-4ECE-BD1B-EBC35D5EDE6D}"
EndProject
Global
	GlobalSection(SolutionConfigurationPlatforms) = preSolution
		Debug|Any CPU = Debug|Any CPU
		Release|Any CPU = Release|Any CPU
	EndGlobalSection
	GlobalSection(ProjectConfigurationPlatforms) = postSolution
		{354770B9-FFF1-4ECE-BD1B-EBC35D5EDE6D}.Debug|Any CPU.ActiveCfg = Debug|Any CPU
		{354770B9-FFF1-4ECE-BD1B-EBC35D5EDE6D}.Debug|Any CPU.Build.0 = Debug|Any CPU
		{354770B9-FFF1-4ECE-BD1B-EBC35D5EDE6D}.Release|Any CPU.ActiveCfg = Release|Any CPU
		{354770B9-FFF1-4ECE-BD1B-EBC35D5EDE6D}.Release|Any CPU.Build.0 = Release|Any CPU
	EndGlobalSection
	GlobalSection(SolutionProperties) = preSolution
		HideSolutionNode = FALSE
	EndGlobalSection
	GlobalSection(ExtensibilityGlobals) = postSolution
		SolutionGuid = {31472AA1-4ED8-4729-993C-B2D75F1367C1}
	EndGlobalSection
EndGlobal
